
Microsoft Visual Studio Solution File, Format Version 12.00
# Visual Studio Version 17
VisualStudioVersion = 17.3.32929.385
MinimumVisualStudioVersion = 10.0.40219.1
Project("{9A19103F-16F7-4668-BE54-9A1E7A4F7556}") = "RecintosHabitacionales", "RecintosHabitacionales\RecintosHabitacionales.csproj", "{B4926C31-6B19-4834-B6D3-8AD82047F4F9}"
EndProject
Project("{2150E333-8FDC-42A3-9474-1A3956D46DE8}") = "CoreAplicacion", "CoreAplicacion", "{65A4B65D-3B44-4E8F-B3C7-CA08AF5D8412}"
EndProject
Project("{9A19103F-16F7-4668-BE54-9A1E7A4F7556}") = "DTOs", "DTOs\DTOs.csproj", "{344B3EBF-6E58-438B-A433-CEBF7C67B36E}"
EndProject
Project("{2150E333-8FDC-42A3-9474-1A3956D46DE8}") = "DB", "DB", "{B34E9180-DDD9-436F-8160-B2A52362089F}"
EndProject
Project("{9A19103F-16F7-4668-BE54-9A1E7A4F7556}") = "RepositorioConjuntos", "RepositorioConjuntos\RepositorioConjuntos.csproj", "{02EC9D94-AD14-4322-B183-86F44CF0FBDB}"
EndProject
Project("{9A19103F-16F7-4668-BE54-9A1E7A4F7556}") = "APICondominios", "APICondominios\APICondominios.csproj", "{56ED9D17-9C14-4898-90F8-4137CCB1A44E}"
EndProject
Project("{9A19103F-16F7-4668-BE54-9A1E7A4F7556}") = "Utilitarios", "Utilitarios\Utilitarios.csproj", "{3481C25C-9178-4D54-B940-73E69A06F8C7}"
EndProject
Project("{9A19103F-16F7-4668-BE54-9A1E7A4F7556}") = "ConjuntosEntidades", "ConjuntosEntidades\ConjuntosEntidades.csproj", "{80624DC7-4FA9-453E-84ED-55D3DC063446}"
EndProject
Project("{2150E333-8FDC-42A3-9474-1A3956D46DE8}") = "PermisosRoles", "PermisosRoles", "{1020B8AF-ECFB-4BFE-8D9C-67CBAAAAC299}"
EndProject
Project("{9A19103F-16F7-4668-BE54-9A1E7A4F7556}") = "GestionUsuarioDB", "GestionUsuarioDB\GestionUsuarioDB.csproj", "{ADA41634-3432-4224-B206-D294C866CFA8}"
EndProject
Project("{9A19103F-16F7-4668-BE54-9A1E7A4F7556}") = "RepositorioGestionUsuarios", "RepositorioGestionUsuarios\RepositorioGestionUsuarios.csproj", "{8F267F9B-1D48-4EE6-9D79-6A277300F2BB}"
EndProject
Project("{2150E333-8FDC-42A3-9474-1A3956D46DE8}") = "Logs", "Logs", "{95BAE01A-B67E-4D3B-B366-850EBA19F2E2}"
EndProject
Project("{9A19103F-16F7-4668-BE54-9A1E7A4F7556}") = "GestionLogs", "GestionLogs\GestionLogs.csproj", "{9B4B2FA9-9388-406F-94D5-5EF1300C0ACB}"
EndProject
Project("{9A19103F-16F7-4668-BE54-9A1E7A4F7556}") = "RepositorioLogs", "RepositorioLogs\RepositorioLogs.csproj", "{B3340A4D-ABD4-44FF-AA38-FA20972E44A6}"
EndProject
Project("{2150E333-8FDC-42A3-9474-1A3956D46DE8}") = "Catalogo", "Catalogo", "{F1E081B0-4CE6-4ECD-A477-0F9266B19FB4}"
EndProject
Project("{9A19103F-16F7-4668-BE54-9A1E7A4F7556}") = "EntidadesCatalogos", "EntidadesCatalogos\EntidadesCatalogos.csproj", "{18CF8348-A2CC-4EA6-BE0D-BC610CC41383}"
EndProject
Project("{FAE04EC0-301F-11D3-BF4B-00C04F79EFBC}") = "RepositorioCatalogos", "RepositorioCatalogos\RepositorioCatalogos.csproj", "{C2D1FC90-9CBF-46AB-AA15-43828D0A52DE}"
EndProject
Project("{2150E333-8FDC-42A3-9474-1A3956D46DE8}") = "Papelera", "Papelera", "{DE8957F7-7DBE-487F-BED1-A54CC48673CE}"
EndProject
Project("{FAE04EC0-301F-11D3-BF4B-00C04F79EFBC}") = "EntidadesPapelera", "EntidadesPapelera\EntidadesPapelera.csproj", "{38180418-61BF-4981-880F-035677FDBD47}"
EndProject
Project("{FAE04EC0-301F-11D3-BF4B-00C04F79EFBC}") = "RepositorioPapelera", "RepositorioPapelera\RepositorioPapelera.csproj", "{7EDD70DF-A4D0-4A49-B3A6-86D8F8777C86}"
EndProject
Global
	GlobalSection(SolutionConfigurationPlatforms) = preSolution
		Debug|Any CPU = Debug|Any CPU
		Release|Any CPU = Release|Any CPU
	EndGlobalSection
	GlobalSection(ProjectConfigurationPlatforms) = postSolution
		{B4926C31-6B19-4834-B6D3-8AD82047F4F9}.Debug|Any CPU.ActiveCfg = Debug|Any CPU
		{B4926C31-6B19-4834-B6D3-8AD82047F4F9}.Debug|Any CPU.Build.0 = Debug|Any CPU
		{B4926C31-6B19-4834-B6D3-8AD82047F4F9}.Release|Any CPU.ActiveCfg = Release|Any CPU
		{B4926C31-6B19-4834-B6D3-8AD82047F4F9}.Release|Any CPU.Build.0 = Release|Any CPU
		{344B3EBF-6E58-438B-A433-CEBF7C67B36E}.Debug|Any CPU.ActiveCfg = Debug|Any CPU
		{344B3EBF-6E58-438B-A433-CEBF7C67B36E}.Debug|Any CPU.Build.0 = Debug|Any CPU
		{344B3EBF-6E58-438B-A433-CEBF7C67B36E}.Release|Any CPU.ActiveCfg = Release|Any CPU
		{344B3EBF-6E58-438B-A433-CEBF7C67B36E}.Release|Any CPU.Build.0 = Release|Any CPU
		{02EC9D94-AD14-4322-B183-86F44CF0FBDB}.Debug|Any CPU.ActiveCfg = Debug|Any CPU
		{02EC9D94-AD14-4322-B183-86F44CF0FBDB}.Debug|Any CPU.Build.0 = Debug|Any CPU
		{02EC9D94-AD14-4322-B183-86F44CF0FBDB}.Release|Any CPU.ActiveCfg = Release|Any CPU
		{02EC9D94-AD14-4322-B183-86F44CF0FBDB}.Release|Any CPU.Build.0 = Release|Any CPU
		{56ED9D17-9C14-4898-90F8-4137CCB1A44E}.Debug|Any CPU.ActiveCfg = Debug|Any CPU
		{56ED9D17-9C14-4898-90F8-4137CCB1A44E}.Debug|Any CPU.Build.0 = Debug|Any CPU
		{56ED9D17-9C14-4898-90F8-4137CCB1A44E}.Release|Any CPU.ActiveCfg = Release|Any CPU
		{56ED9D17-9C14-4898-90F8-4137CCB1A44E}.Release|Any CPU.Build.0 = Release|Any CPU
		{3481C25C-9178-4D54-B940-73E69A06F8C7}.Debug|Any CPU.ActiveCfg = Debug|Any CPU
		{3481C25C-9178-4D54-B940-73E69A06F8C7}.Debug|Any CPU.Build.0 = Debug|Any CPU
		{3481C25C-9178-4D54-B940-73E69A06F8C7}.Release|Any CPU.ActiveCfg = Release|Any CPU
		{3481C25C-9178-4D54-B940-73E69A06F8C7}.Release|Any CPU.Build.0 = Release|Any CPU
		{80624DC7-4FA9-453E-84ED-55D3DC063446}.Debug|Any CPU.ActiveCfg = Debug|Any CPU
		{80624DC7-4FA9-453E-84ED-55D3DC063446}.Debug|Any CPU.Build.0 = Debug|Any CPU
		{80624DC7-4FA9-453E-84ED-55D3DC063446}.Release|Any CPU.ActiveCfg = Release|Any CPU
		{80624DC7-4FA9-453E-84ED-55D3DC063446}.Release|Any CPU.Build.0 = Release|Any CPU
		{ADA41634-3432-4224-B206-D294C866CFA8}.Debug|Any CPU.ActiveCfg = Debug|Any CPU
		{ADA41634-3432-4224-B206-D294C866CFA8}.Debug|Any CPU.Build.0 = Debug|Any CPU
		{ADA41634-3432-4224-B206-D294C866CFA8}.Release|Any CPU.ActiveCfg = Release|Any CPU
		{ADA41634-3432-4224-B206-D294C866CFA8}.Release|Any CPU.Build.0 = Release|Any CPU
		{8F267F9B-1D48-4EE6-9D79-6A277300F2BB}.Debug|Any CPU.ActiveCfg = Debug|Any CPU
		{8F267F9B-1D48-4EE6-9D79-6A277300F2BB}.Debug|Any CPU.Build.0 = Debug|Any CPU
		{8F267F9B-1D48-4EE6-9D79-6A277300F2BB}.Release|Any CPU.ActiveCfg = Release|Any CPU
		{8F267F9B-1D48-4EE6-9D79-6A277300F2BB}.Release|Any CPU.Build.0 = Release|Any CPU
		{9B4B2FA9-9388-406F-94D5-5EF1300C0ACB}.Debug|Any CPU.ActiveCfg = Debug|Any CPU
		{9B4B2FA9-9388-406F-94D5-5EF1300C0ACB}.Debug|Any CPU.Build.0 = Debug|Any CPU
		{9B4B2FA9-9388-406F-94D5-5EF1300C0ACB}.Release|Any CPU.ActiveCfg = Release|Any CPU
		{9B4B2FA9-9388-406F-94D5-5EF1300C0ACB}.Release|Any CPU.Build.0 = Release|Any CPU
		{B3340A4D-ABD4-44FF-AA38-FA20972E44A6}.Debug|Any CPU.ActiveCfg = Debug|Any CPU
		{B3340A4D-ABD4-44FF-AA38-FA20972E44A6}.Debug|Any CPU.Build.0 = Debug|Any CPU
		{B3340A4D-ABD4-44FF-AA38-FA20972E44A6}.Release|Any CPU.ActiveCfg = Release|Any CPU
		{B3340A4D-ABD4-44FF-AA38-FA20972E44A6}.Release|Any CPU.Build.0 = Release|Any CPU
		{18CF8348-A2CC-4EA6-BE0D-BC610CC41383}.Debug|Any CPU.ActiveCfg = Debug|Any CPU
		{18CF8348-A2CC-4EA6-BE0D-BC610CC41383}.Debug|Any CPU.Build.0 = Debug|Any CPU
		{18CF8348-A2CC-4EA6-BE0D-BC610CC41383}.Release|Any CPU.ActiveCfg = Release|Any CPU
		{18CF8348-A2CC-4EA6-BE0D-BC610CC41383}.Release|Any CPU.Build.0 = Release|Any CPU
		{C2D1FC90-9CBF-46AB-AA15-43828D0A52DE}.Debug|Any CPU.ActiveCfg = Debug|Any CPU
		{C2D1FC90-9CBF-46AB-AA15-43828D0A52DE}.Debug|Any CPU.Build.0 = Debug|Any CPU
		{C2D1FC90-9CBF-46AB-AA15-43828D0A52DE}.Release|Any CPU.ActiveCfg = Release|Any CPU
		{C2D1FC90-9CBF-46AB-AA15-43828D0A52DE}.Release|Any CPU.Build.0 = Release|Any CPU
		{38180418-61BF-4981-880F-035677FDBD47}.Debug|Any CPU.ActiveCfg = Debug|Any CPU
		{38180418-61BF-4981-880F-035677FDBD47}.Debug|Any CPU.Build.0 = Debug|Any CPU
		{38180418-61BF-4981-880F-035677FDBD47}.Release|Any CPU.ActiveCfg = Release|Any CPU
		{38180418-61BF-4981-880F-035677FDBD47}.Release|Any CPU.Build.0 = Release|Any CPU
		{7EDD70DF-A4D0-4A49-B3A6-86D8F8777C86}.Debug|Any CPU.ActiveCfg = Debug|Any CPU
		{7EDD70DF-A4D0-4A49-B3A6-86D8F8777C86}.Debug|Any CPU.Build.0 = Debug|Any CPU
		{7EDD70DF-A4D0-4A49-B3A6-86D8F8777C86}.Release|Any CPU.ActiveCfg = Release|Any CPU
		{7EDD70DF-A4D0-4A49-B3A6-86D8F8777C86}.Release|Any CPU.Build.0 = Release|Any CPU
	EndGlobalSection
	GlobalSection(SolutionProperties) = preSolution
		HideSolutionNode = FALSE
	EndGlobalSection
	GlobalSection(NestedProjects) = preSolution
		{344B3EBF-6E58-438B-A433-CEBF7C67B36E} = {65A4B65D-3B44-4E8F-B3C7-CA08AF5D8412}
		{02EC9D94-AD14-4322-B183-86F44CF0FBDB} = {B34E9180-DDD9-436F-8160-B2A52362089F}
		{3481C25C-9178-4D54-B940-73E69A06F8C7} = {65A4B65D-3B44-4E8F-B3C7-CA08AF5D8412}
		{80624DC7-4FA9-453E-84ED-55D3DC063446} = {B34E9180-DDD9-436F-8160-B2A52362089F}
		{1020B8AF-ECFB-4BFE-8D9C-67CBAAAAC299} = {B34E9180-DDD9-436F-8160-B2A52362089F}
		{ADA41634-3432-4224-B206-D294C866CFA8} = {1020B8AF-ECFB-4BFE-8D9C-67CBAAAAC299}
		{8F267F9B-1D48-4EE6-9D79-6A277300F2BB} = {1020B8AF-ECFB-4BFE-8D9C-67CBAAAAC299}
		{95BAE01A-B67E-4D3B-B366-850EBA19F2E2} = {B34E9180-DDD9-436F-8160-B2A52362089F}
		{9B4B2FA9-9388-406F-94D5-5EF1300C0ACB} = {95BAE01A-B67E-4D3B-B366-850EBA19F2E2}
		{B3340A4D-ABD4-44FF-AA38-FA20972E44A6} = {95BAE01A-B67E-4D3B-B366-850EBA19F2E2}
		{F1E081B0-4CE6-4ECD-A477-0F9266B19FB4} = {B34E9180-DDD9-436F-8160-B2A52362089F}
		{18CF8348-A2CC-4EA6-BE0D-BC610CC41383} = {F1E081B0-4CE6-4ECD-A477-0F9266B19FB4}
		{C2D1FC90-9CBF-46AB-AA15-43828D0A52DE} = {F1E081B0-4CE6-4ECD-A477-0F9266B19FB4}
		{DE8957F7-7DBE-487F-BED1-A54CC48673CE} = {B34E9180-DDD9-436F-8160-B2A52362089F}
		{38180418-61BF-4981-880F-035677FDBD47} = {DE8957F7-7DBE-487F-BED1-A54CC48673CE}
		{7EDD70DF-A4D0-4A49-B3A6-86D8F8777C86} = {DE8957F7-7DBE-487F-BED1-A54CC48673CE}
	EndGlobalSection
	GlobalSection(ExtensibilityGlobals) = postSolution
		SolutionGuid = {884B7EEF-F403-4524-8D39-50B481C3B121}
	EndGlobalSection
EndGlobal
